
Microsoft Visual Studio Solution File, Format Version 12.00
# Visual Studio 15
VisualStudioVersion = 15.0.26730.15
MinimumVisualStudioVersion = 10.0.40219.1
Project("{FAE04EC0-301F-11D3-BF4B-00C04F79EFBC}") = "OverviewLesson", "OverviewLesson\OverviewLesson.csproj", "{EE6274B7-172E-4DA8-8429-7A4194388BFD}"
EndProject
Project("{FAE04EC0-301F-11D3-BF4B-00C04F79EFBC}") = "CalculateStuff", "CalculateStuff\CalculateStuff.csproj", "{A36A05BF-019D-4E55-B78B-B07489693638}"
EndProject
Project("{FAE04EC0-301F-11D3-BF4B-00C04F79EFBC}") = "AbstractClasses", "AbstractClasses\AbstractClasses.csproj", "{0B1EA35C-2DEA-4A10-8CCC-0E700177236C}"
EndProject
Project("{2150E333-8FDC-42A3-9474-1A3956D46DE8}") = "Instructions and Guides", "Instructions and Guides", "{5FE4A4E4-A068-48ED-8675-AC397D6D5528}"
	ProjectSection(SolutionItems) = preProject
		readme.txt = readme.txt
	EndProjectSection
EndProject
Project("{FAE04EC0-301F-11D3-BF4B-00C04F79EFBC}") = "Collections", "Collections\Collections.csproj", "{29C6D499-E53A-4B08-8A0D-9E6D49CF7E38}"
EndProject
Global
	GlobalSection(SolutionConfigurationPlatforms) = preSolution
		Debug|Any CPU = Debug|Any CPU
		Release|Any CPU = Release|Any CPU
	EndGlobalSection
	GlobalSection(ProjectConfigurationPlatforms) = postSolution
		{EE6274B7-172E-4DA8-8429-7A4194388BFD}.Debug|Any CPU.ActiveCfg = Debug|Any CPU
		{EE6274B7-172E-4DA8-8429-7A4194388BFD}.Debug|Any CPU.Build.0 = Debug|Any CPU
		{EE6274B7-172E-4DA8-8429-7A4194388BFD}.Release|Any CPU.ActiveCfg = Release|Any CPU
		{EE6274B7-172E-4DA8-8429-7A4194388BFD}.Release|Any CPU.Build.0 = Release|Any CPU
		{A36A05BF-019D-4E55-B78B-B07489693638}.Debug|Any CPU.ActiveCfg = Debug|Any CPU
		{A36A05BF-019D-4E55-B78B-B07489693638}.Debug|Any CPU.Build.0 = Debug|Any CPU
		{A36A05BF-019D-4E55-B78B-B07489693638}.Release|Any CPU.ActiveCfg = Release|Any CPU
		{A36A05BF-019D-4E55-B78B-B07489693638}.Release|Any CPU.Build.0 = Release|Any CPU
		{0B1EA35C-2DEA-4A10-8CCC-0E700177236C}.Debug|Any CPU.ActiveCfg = Debug|Any CPU
		{0B1EA35C-2DEA-4A10-8CCC-0E700177236C}.Debug|Any CPU.Build.0 = Debug|Any CPU
		{0B1EA35C-2DEA-4A10-8CCC-0E700177236C}.Release|Any CPU.ActiveCfg = Release|Any CPU
		{0B1EA35C-2DEA-4A10-8CCC-0E700177236C}.Release|Any CPU.Build.0 = Release|Any CPU
		{29C6D499-E53A-4B08-8A0D-9E6D49CF7E38}.Debug|Any CPU.ActiveCfg = Debug|Any CPU
		{29C6D499-E53A-4B08-8A0D-9E6D49CF7E38}.Debug|Any CPU.Build.0 = Debug|Any CPU
		{29C6D499-E53A-4B08-8A0D-9E6D49CF7E38}.Release|Any CPU.ActiveCfg = Release|Any CPU
		{29C6D499-E53A-4B08-8A0D-9E6D49CF7E38}.Release|Any CPU.Build.0 = Release|Any CPU
	EndGlobalSection
	GlobalSection(SolutionProperties) = preSolution
		HideSolutionNode = FALSE
	EndGlobalSection
	GlobalSection(ExtensibilityGlobals) = postSolution
		SolutionGuid = {6C1DFBE4-9431-44DB-8715-16438A5321A4}
	EndGlobalSection
EndGlobal
